
Microsoft Visual Studio Solution File, Format Version 12.00
# Visual Studio Version 16
VisualStudioVersion = 16.0.30225.117
MinimumVisualStudioVersion = 10.0.40219.1
Project("{2150E333-8FDC-42A3-9474-1A3956D46DE8}") = "ITFriends.Identity", "ITFriends.Identity", "{039679BE-9DBB-4B69-A21D-81739E22CC09}"
EndProject
Project("{9A19103F-16F7-4668-BE54-9A1E7A4F7556}") = "ITFriends.Identity.IdentityServer", "ITFriends.Identity.IdentityServer\ITFriends.Identity.IdentityServer.csproj", "{0E73D0E2-CA4B-404A-9DDA-4A42F9FED7A9}"
EndProject
Project("{2150E333-8FDC-42A3-9474-1A3956D46DE8}") = "ITFriends.Infrastructure", "ITFriends.Infrastructure", "{9F259BCB-9A80-4BA7-BCC5-5C627FF57948}"
EndProject
Project("{9A19103F-16F7-4668-BE54-9A1E7A4F7556}") = "ITFriends.Infrastructure.Configuration", "ITFriends.Infrastructure.Configuration\ITFriends.Infrastructure.Configuration.csproj", "{0AD69A34-C25D-4533-A810-B8E240673043}"
EndProject
Project("{9A19103F-16F7-4668-BE54-9A1E7A4F7556}") = "ITFriends.Infrastructure.SeedWork", "ITFriends.Infrastructure.SeedWork\ITFriends.Infrastructure.SeedWork.csproj", "{28C526CE-F92C-490A-BEB6-5C4AF6F75559}"
EndProject
Project("{9A19103F-16F7-4668-BE54-9A1E7A4F7556}") = "ITFriends.Identity.Api", "ITFriends.Identity.Api\ITFriends.Identity.Api.csproj", "{58652DC5-8E2C-496D-BC83-4F581E7A3817}"
EndProject
Project("{9A19103F-16F7-4668-BE54-9A1E7A4F7556}") = "ITFriends.Identity.Core", "ITFriends.Identity.Core\ITFriends.Identity.Core.csproj", "{C54F30CD-030C-4D0C-9EAD-C2CC68363F78}"
EndProject
Project("{2150E333-8FDC-42A3-9474-1A3956D46DE8}") = "ITFriends.Notifier", "ITFriends.Notifier", "{F5F49C28-C832-494C-9FCB-CA90399731C0}"
EndProject
Project("{9A19103F-16F7-4668-BE54-9A1E7A4F7556}") = "ITFriends.Notifier.Core", "ITFriends.Notifier.Core\ITFriends.Notifier.Core.csproj", "{4B6F4396-EE7C-4AC4-92DF-041C17A32F4C}"
EndProject
Project("{9A19103F-16F7-4668-BE54-9A1E7A4F7556}") = "ITFriends.Notifier.Api", "ITFriends.Notifier.Api\ITFriends.Notifier.Api.csproj", "{FF58A85E-4B5C-4549-9525-3A05414B5AE0}"
EndProject
Project("{9A19103F-16F7-4668-BE54-9A1E7A4F7556}") = "ITFriends.Infrastructure.Domain.Common", "ITFriends.Infrastructure.Domain.Common\ITFriends.Infrastructure.Domain.Common.csproj", "{A1CDFACD-3928-490E-8F0B-A0C61D4EE0AD}"
EndProject
Project("{9A19103F-16F7-4668-BE54-9A1E7A4F7556}") = "ITFriends.Infrastructure.Domain.Read", "ITFriends.Infrastructure.Domain.Read\ITFriends.Infrastructure.Domain.Read.csproj", "{E6F8F532-7CEA-4DF1-8501-E044241A6253}"
EndProject
Project("{9A19103F-16F7-4668-BE54-9A1E7A4F7556}") = "ITFriends.Infrastructure.Domain.Write", "ITFriends.Infrastructure.Domain.Write\ITFriends.Infrastructure.Domain.Write.csproj", "{D4C09F92-F201-433E-8861-37B87CC47152}"
EndProject
Project("{E53339B2-1760-4266-BCC7-CA923CBCF16C}") = "ITFriends.DevOps", "ITFriends.DevOps.dcproj", "{3C9C0FC0-E13C-4773-8FE7-453AB23FDB54}"
EndProject
Project("{2150E333-8FDC-42A3-9474-1A3956D46DE8}") = "ITFriends.Topic", "ITFriends.Topic", "{C5C03E7A-94E8-42E0-AE6E-75F344928C32}"
EndProject
Project("{FAE04EC0-301F-11D3-BF4B-00C04F79EFBC}") = "ITFriends.Topic.Api", "ITFriends.Topic.Api\ITFriends.Topic.Api.csproj", "{C7AFEBB3-C0AD-4A3E-BF49-E5192995BB56}"
EndProject
Project("{FAE04EC0-301F-11D3-BF4B-00C04F79EFBC}") = "ITFriends.Topic.Core", "ITFriends.Topic.Core\ITFriends.Topic.Core.csproj", "{96083B84-0354-4516-9113-408736C7FB3C}"
EndProject
Project("{FAE04EC0-301F-11D3-BF4B-00C04F79EFBC}") = "ITFriends.Infrastructure.Data.Write", "ITFriends.Infrastructure.Data.Write\ITFriends.Infrastructure.Data.Write.csproj", "{F38EA07C-6AB4-4778-9D51-8B92C6DC6EE7}"
EndProject
Project("{FAE04EC0-301F-11D3-BF4B-00C04F79EFBC}") = "ITFriends.Infrastructure.Data.Read", "ITFriends.Infrastructure.Data.Read\ITFriends.Infrastructure.Data.Read.csproj", "{6EF4B54C-B84D-4D94-85F2-0C7DE459B960}"
EndProject
Project("{FAE04EC0-301F-11D3-BF4B-00C04F79EFBC}") = "ITFriends.Identity.Data.Read", "ITFriends.Identity.Data.Read\ITFriends.Identity.Data.Read.csproj", "{3AF826A6-DB57-4275-93BA-4E86E2EB6299}"
EndProject
Project("{FAE04EC0-301F-11D3-BF4B-00C04F79EFBC}") = "ITFriends.Topic.Data.Read", "ITFriends.Topic.Data.Read\ITFriends.Topic.Data.Read.csproj", "{BCC9F3AF-7269-494E-97EA-BC33469E7741}"
EndProject
Project("{2150E333-8FDC-42A3-9474-1A3956D46DE8}") = "ITFriends.TelegramBot", "ITFriends.TelegramBot", "{47D43799-C53C-4CD1-8F40-D81850715981}"
EndProject
Project("{FAE04EC0-301F-11D3-BF4B-00C04F79EFBC}") = "ITFriends.TelegramBot.Api", "ITFriends.TelegramBot.Api\ITFriends.TelegramBot.Api.csproj", "{6B9E1334-CD82-4BDB-BDAF-7D24C5EC11D3}"
EndProject
Project("{FAE04EC0-301F-11D3-BF4B-00C04F79EFBC}") = "ITFriends.TelegramBot.Core", "ITFriends.TelegramBot.Core\ITFriends.TelegramBot.Core.csproj", "{9FBB0724-29D8-4876-BBF5-C18AA57D2BD1}"
EndProject
Global
	GlobalSection(SolutionConfigurationPlatforms) = preSolution
		Debug|Any CPU = Debug|Any CPU
		Release|Any CPU = Release|Any CPU
	EndGlobalSection
	GlobalSection(ProjectConfigurationPlatforms) = postSolution
		{0E73D0E2-CA4B-404A-9DDA-4A42F9FED7A9}.Debug|Any CPU.ActiveCfg = Debug|Any CPU
		{0E73D0E2-CA4B-404A-9DDA-4A42F9FED7A9}.Debug|Any CPU.Build.0 = Debug|Any CPU
		{0E73D0E2-CA4B-404A-9DDA-4A42F9FED7A9}.Release|Any CPU.ActiveCfg = Release|Any CPU
		{0E73D0E2-CA4B-404A-9DDA-4A42F9FED7A9}.Release|Any CPU.Build.0 = Release|Any CPU
		{0AD69A34-C25D-4533-A810-B8E240673043}.Debug|Any CPU.ActiveCfg = Debug|Any CPU
		{0AD69A34-C25D-4533-A810-B8E240673043}.Debug|Any CPU.Build.0 = Debug|Any CPU
		{0AD69A34-C25D-4533-A810-B8E240673043}.Release|Any CPU.ActiveCfg = Release|Any CPU
		{0AD69A34-C25D-4533-A810-B8E240673043}.Release|Any CPU.Build.0 = Release|Any CPU
		{28C526CE-F92C-490A-BEB6-5C4AF6F75559}.Debug|Any CPU.ActiveCfg = Debug|Any CPU
		{28C526CE-F92C-490A-BEB6-5C4AF6F75559}.Debug|Any CPU.Build.0 = Debug|Any CPU
		{28C526CE-F92C-490A-BEB6-5C4AF6F75559}.Release|Any CPU.ActiveCfg = Release|Any CPU
		{28C526CE-F92C-490A-BEB6-5C4AF6F75559}.Release|Any CPU.Build.0 = Release|Any CPU
		{58652DC5-8E2C-496D-BC83-4F581E7A3817}.Debug|Any CPU.ActiveCfg = Debug|Any CPU
		{58652DC5-8E2C-496D-BC83-4F581E7A3817}.Debug|Any CPU.Build.0 = Debug|Any CPU
		{58652DC5-8E2C-496D-BC83-4F581E7A3817}.Release|Any CPU.ActiveCfg = Release|Any CPU
		{58652DC5-8E2C-496D-BC83-4F581E7A3817}.Release|Any CPU.Build.0 = Release|Any CPU
		{C54F30CD-030C-4D0C-9EAD-C2CC68363F78}.Debug|Any CPU.ActiveCfg = Debug|Any CPU
		{C54F30CD-030C-4D0C-9EAD-C2CC68363F78}.Debug|Any CPU.Build.0 = Debug|Any CPU
		{C54F30CD-030C-4D0C-9EAD-C2CC68363F78}.Release|Any CPU.ActiveCfg = Release|Any CPU
		{C54F30CD-030C-4D0C-9EAD-C2CC68363F78}.Release|Any CPU.Build.0 = Release|Any CPU
		{4B6F4396-EE7C-4AC4-92DF-041C17A32F4C}.Debug|Any CPU.ActiveCfg = Debug|Any CPU
		{4B6F4396-EE7C-4AC4-92DF-041C17A32F4C}.Debug|Any CPU.Build.0 = Debug|Any CPU
		{4B6F4396-EE7C-4AC4-92DF-041C17A32F4C}.Release|Any CPU.ActiveCfg = Release|Any CPU
		{4B6F4396-EE7C-4AC4-92DF-041C17A32F4C}.Release|Any CPU.Build.0 = Release|Any CPU
		{FF58A85E-4B5C-4549-9525-3A05414B5AE0}.Debug|Any CPU.ActiveCfg = Debug|Any CPU
		{FF58A85E-4B5C-4549-9525-3A05414B5AE0}.Debug|Any CPU.Build.0 = Debug|Any CPU
		{FF58A85E-4B5C-4549-9525-3A05414B5AE0}.Release|Any CPU.ActiveCfg = Release|Any CPU
		{FF58A85E-4B5C-4549-9525-3A05414B5AE0}.Release|Any CPU.Build.0 = Release|Any CPU
		{A1CDFACD-3928-490E-8F0B-A0C61D4EE0AD}.Debug|Any CPU.ActiveCfg = Debug|Any CPU
		{A1CDFACD-3928-490E-8F0B-A0C61D4EE0AD}.Debug|Any CPU.Build.0 = Debug|Any CPU
		{A1CDFACD-3928-490E-8F0B-A0C61D4EE0AD}.Release|Any CPU.ActiveCfg = Release|Any CPU
		{A1CDFACD-3928-490E-8F0B-A0C61D4EE0AD}.Release|Any CPU.Build.0 = Release|Any CPU
		{E6F8F532-7CEA-4DF1-8501-E044241A6253}.Debug|Any CPU.ActiveCfg = Debug|Any CPU
		{E6F8F532-7CEA-4DF1-8501-E044241A6253}.Debug|Any CPU.Build.0 = Debug|Any CPU
		{E6F8F532-7CEA-4DF1-8501-E044241A6253}.Release|Any CPU.ActiveCfg = Release|Any CPU
		{E6F8F532-7CEA-4DF1-8501-E044241A6253}.Release|Any CPU.Build.0 = Release|Any CPU
		{D4C09F92-F201-433E-8861-37B87CC47152}.Debug|Any CPU.ActiveCfg = Debug|Any CPU
		{D4C09F92-F201-433E-8861-37B87CC47152}.Debug|Any CPU.Build.0 = Debug|Any CPU
		{D4C09F92-F201-433E-8861-37B87CC47152}.Release|Any CPU.ActiveCfg = Release|Any CPU
		{D4C09F92-F201-433E-8861-37B87CC47152}.Release|Any CPU.Build.0 = Release|Any CPU
		{3C9C0FC0-E13C-4773-8FE7-453AB23FDB54}.Debug|Any CPU.ActiveCfg = Debug|Any CPU
		{3C9C0FC0-E13C-4773-8FE7-453AB23FDB54}.Debug|Any CPU.Build.0 = Debug|Any CPU
		{3C9C0FC0-E13C-4773-8FE7-453AB23FDB54}.Release|Any CPU.ActiveCfg = Release|Any CPU
		{3C9C0FC0-E13C-4773-8FE7-453AB23FDB54}.Release|Any CPU.Build.0 = Release|Any CPU
		{C7AFEBB3-C0AD-4A3E-BF49-E5192995BB56}.Debug|Any CPU.ActiveCfg = Debug|Any CPU
		{C7AFEBB3-C0AD-4A3E-BF49-E5192995BB56}.Debug|Any CPU.Build.0 = Debug|Any CPU
		{C7AFEBB3-C0AD-4A3E-BF49-E5192995BB56}.Release|Any CPU.ActiveCfg = Release|Any CPU
		{C7AFEBB3-C0AD-4A3E-BF49-E5192995BB56}.Release|Any CPU.Build.0 = Release|Any CPU
		{96083B84-0354-4516-9113-408736C7FB3C}.Debug|Any CPU.ActiveCfg = Debug|Any CPU
		{96083B84-0354-4516-9113-408736C7FB3C}.Debug|Any CPU.Build.0 = Debug|Any CPU
		{96083B84-0354-4516-9113-408736C7FB3C}.Release|Any CPU.ActiveCfg = Release|Any CPU
		{96083B84-0354-4516-9113-408736C7FB3C}.Release|Any CPU.Build.0 = Release|Any CPU
		{F38EA07C-6AB4-4778-9D51-8B92C6DC6EE7}.Debug|Any CPU.ActiveCfg = Debug|Any CPU
		{F38EA07C-6AB4-4778-9D51-8B92C6DC6EE7}.Debug|Any CPU.Build.0 = Debug|Any CPU
		{F38EA07C-6AB4-4778-9D51-8B92C6DC6EE7}.Release|Any CPU.ActiveCfg = Release|Any CPU
		{F38EA07C-6AB4-4778-9D51-8B92C6DC6EE7}.Release|Any CPU.Build.0 = Release|Any CPU
		{6EF4B54C-B84D-4D94-85F2-0C7DE459B960}.Debug|Any CPU.ActiveCfg = Debug|Any CPU
		{6EF4B54C-B84D-4D94-85F2-0C7DE459B960}.Debug|Any CPU.Build.0 = Debug|Any CPU
		{6EF4B54C-B84D-4D94-85F2-0C7DE459B960}.Release|Any CPU.ActiveCfg = Release|Any CPU
		{6EF4B54C-B84D-4D94-85F2-0C7DE459B960}.Release|Any CPU.Build.0 = Release|Any CPU
		{3AF826A6-DB57-4275-93BA-4E86E2EB6299}.Debug|Any CPU.ActiveCfg = Debug|Any CPU
		{3AF826A6-DB57-4275-93BA-4E86E2EB6299}.Debug|Any CPU.Build.0 = Debug|Any CPU
		{3AF826A6-DB57-4275-93BA-4E86E2EB6299}.Release|Any CPU.ActiveCfg = Release|Any CPU
		{3AF826A6-DB57-4275-93BA-4E86E2EB6299}.Release|Any CPU.Build.0 = Release|Any CPU
		{BCC9F3AF-7269-494E-97EA-BC33469E7741}.Debug|Any CPU.ActiveCfg = Debug|Any CPU
		{BCC9F3AF-7269-494E-97EA-BC33469E7741}.Debug|Any CPU.Build.0 = Debug|Any CPU
		{BCC9F3AF-7269-494E-97EA-BC33469E7741}.Release|Any CPU.ActiveCfg = Release|Any CPU
		{BCC9F3AF-7269-494E-97EA-BC33469E7741}.Release|Any CPU.Build.0 = Release|Any CPU
		{6B9E1334-CD82-4BDB-BDAF-7D24C5EC11D3}.Debug|Any CPU.ActiveCfg = Debug|Any CPU
		{6B9E1334-CD82-4BDB-BDAF-7D24C5EC11D3}.Debug|Any CPU.Build.0 = Debug|Any CPU
		{6B9E1334-CD82-4BDB-BDAF-7D24C5EC11D3}.Release|Any CPU.ActiveCfg = Release|Any CPU
		{6B9E1334-CD82-4BDB-BDAF-7D24C5EC11D3}.Release|Any CPU.Build.0 = Release|Any CPU
		{9FBB0724-29D8-4876-BBF5-C18AA57D2BD1}.Debug|Any CPU.ActiveCfg = Debug|Any CPU
		{9FBB0724-29D8-4876-BBF5-C18AA57D2BD1}.Debug|Any CPU.Build.0 = Debug|Any CPU
		{9FBB0724-29D8-4876-BBF5-C18AA57D2BD1}.Release|Any CPU.ActiveCfg = Release|Any CPU
		{9FBB0724-29D8-4876-BBF5-C18AA57D2BD1}.Release|Any CPU.Build.0 = Release|Any CPU
	EndGlobalSection
	GlobalSection(SolutionProperties) = preSolution
		HideSolutionNode = FALSE
	EndGlobalSection
	GlobalSection(NestedProjects) = preSolution
		{0E73D0E2-CA4B-404A-9DDA-4A42F9FED7A9} = {039679BE-9DBB-4B69-A21D-81739E22CC09}
		{0AD69A34-C25D-4533-A810-B8E240673043} = {9F259BCB-9A80-4BA7-BCC5-5C627FF57948}
		{28C526CE-F92C-490A-BEB6-5C4AF6F75559} = {9F259BCB-9A80-4BA7-BCC5-5C627FF57948}
		{58652DC5-8E2C-496D-BC83-4F581E7A3817} = {039679BE-9DBB-4B69-A21D-81739E22CC09}
		{C54F30CD-030C-4D0C-9EAD-C2CC68363F78} = {039679BE-9DBB-4B69-A21D-81739E22CC09}
		{4B6F4396-EE7C-4AC4-92DF-041C17A32F4C} = {F5F49C28-C832-494C-9FCB-CA90399731C0}
		{FF58A85E-4B5C-4549-9525-3A05414B5AE0} = {F5F49C28-C832-494C-9FCB-CA90399731C0}
		{A1CDFACD-3928-490E-8F0B-A0C61D4EE0AD} = {9F259BCB-9A80-4BA7-BCC5-5C627FF57948}
		{E6F8F532-7CEA-4DF1-8501-E044241A6253} = {9F259BCB-9A80-4BA7-BCC5-5C627FF57948}
		{D4C09F92-F201-433E-8861-37B87CC47152} = {9F259BCB-9A80-4BA7-BCC5-5C627FF57948}
		{C7AFEBB3-C0AD-4A3E-BF49-E5192995BB56} = {C5C03E7A-94E8-42E0-AE6E-75F344928C32}
		{96083B84-0354-4516-9113-408736C7FB3C} = {C5C03E7A-94E8-42E0-AE6E-75F344928C32}
		{F38EA07C-6AB4-4778-9D51-8B92C6DC6EE7} = {9F259BCB-9A80-4BA7-BCC5-5C627FF57948}
		{6EF4B54C-B84D-4D94-85F2-0C7DE459B960} = {9F259BCB-9A80-4BA7-BCC5-5C627FF57948}
		{3AF826A6-DB57-4275-93BA-4E86E2EB6299} = {039679BE-9DBB-4B69-A21D-81739E22CC09}
		{BCC9F3AF-7269-494E-97EA-BC33469E7741} = {C5C03E7A-94E8-42E0-AE6E-75F344928C32}
		{6B9E1334-CD82-4BDB-BDAF-7D24C5EC11D3} = {47D43799-C53C-4CD1-8F40-D81850715981}
		{9FBB0724-29D8-4876-BBF5-C18AA57D2BD1} = {47D43799-C53C-4CD1-8F40-D81850715981}
	EndGlobalSection
	GlobalSection(ExtensibilityGlobals) = postSolution
		SolutionGuid = {8CCDE5BD-64B1-49E7-92B9-98868CA6E560}
	EndGlobalSection
EndGlobal
